
Microsoft Visual Studio Solution File, Format Version 12.00
# Visual Studio 2013
VisualStudioVersion = 12.0.31101.0
MinimumVisualStudioVersion = 10.0.40219.1
Project("{FAE04EC0-301F-11D3-BF4B-00C04F79EFBC}") = "parsing_email.test", "parsing_email.test\parsing_email.test.csproj", "{29F4334C-27E8-449B-94AE-66A88392F7E1}"
EndProject
Project("{FAE04EC0-301F-11D3-BF4B-00C04F79EFBC}") = "Saleshub.Messages", "Saleshub.Messages\Saleshub.Messages.csproj", "{4A8602EC-CE98-47D0-A5AF-0554EAFC0B3F}"
EndProject
Global
	GlobalSection(SolutionConfigurationPlatforms) = preSolution
		Debug|Any CPU = Debug|Any CPU
		Release|Any CPU = Release|Any CPU
	EndGlobalSection
	GlobalSection(ProjectConfigurationPlatforms) = postSolution
		{29F4334C-27E8-449B-94AE-66A88392F7E1}.Debug|Any CPU.ActiveCfg = Debug|Any CPU
		{29F4334C-27E8-449B-94AE-66A88392F7E1}.Debug|Any CPU.Build.0 = Debug|Any CPU
		{29F4334C-27E8-449B-94AE-66A88392F7E1}.Release|Any CPU.ActiveCfg = Release|Any CPU
		{29F4334C-27E8-449B-94AE-66A88392F7E1}.Release|Any CPU.Build.0 = Release|Any CPU
		{4A8602EC-CE98-47D0-A5AF-0554EAFC0B3F}.Debug|Any CPU.ActiveCfg = Debug|Any CPU
		{4A8602EC-CE98-47D0-A5AF-0554EAFC0B3F}.Debug|Any CPU.Build.0 = Debug|Any CPU
		{4A8602EC-CE98-47D0-A5AF-0554EAFC0B3F}.Release|Any CPU.ActiveCfg = Release|Any CPU
		{4A8602EC-CE98-47D0-A5AF-0554EAFC0B3F}.Release|Any CPU.Build.0 = Release|Any CPU
	EndGlobalSection
	GlobalSection(SolutionProperties) = preSolution
		HideSolutionNode = FALSE
	EndGlobalSection
EndGlobal
